
Microsoft Visual Studio Solution File, Format Version 12.00
# Visual Studio Version 17
VisualStudioVersion = 17.8.34525.116
MinimumVisualStudioVersion = 10.0.40219.1
Project("{FAE04EC0-301F-11D3-BF4B-00C04F79EFBC}") = "Task5Elave", "Task5Elave\Task5Elave.csproj", "{87A77C70-C4BF-4EFD-BF30-E51B1CCE2AEA}"
EndProject
Global
	GlobalSection(SolutionConfigurationPlatforms) = preSolution
		Debug|Any CPU = Debug|Any CPU
		Release|Any CPU = Release|Any CPU
	EndGlobalSection
	GlobalSection(ProjectConfigurationPlatforms) = postSolution
		{87A77C70-C4BF-4EFD-BF30-E51B1CCE2AEA}.Debug|Any CPU.ActiveCfg = Debug|Any CPU
		{87A77C70-C4BF-4EFD-BF30-E51B1CCE2AEA}.Debug|Any CPU.Build.0 = Debug|Any CPU
		{87A77C70-C4BF-4EFD-BF30-E51B1CCE2AEA}.Release|Any CPU.ActiveCfg = Release|Any CPU
		{87A77C70-C4BF-4EFD-BF30-E51B1CCE2AEA}.Release|Any CPU.Build.0 = Release|Any CPU
	EndGlobalSection
	GlobalSection(SolutionProperties) = preSolution
		HideSolutionNode = FALSE
	EndGlobalSection
	GlobalSection(ExtensibilityGlobals) = postSolution
		SolutionGuid = {E75A4C5B-F821-4E29-B7B7-EB86AA58E436}
	EndGlobalSection
EndGlobal
